
Microsoft Visual Studio Solution File, Format Version 12.00
# Visual Studio Version 17
VisualStudioVersion = 17.0.31919.166
MinimumVisualStudioVersion = 10.0.40219.1
Project("{FAE04EC0-301F-11D3-BF4B-00C04F79EFBC}") = "TicTacToe", "TicTacToe\TicTacToe.csproj", "{D53516F6-A746-48D2-B765-1C7DF3E8405B}"
EndProject
Global
	GlobalSection(SolutionConfigurationPlatforms) = preSolution
		Debug|Any CPU = Debug|Any CPU
		Release|Any CPU = Release|Any CPU
	EndGlobalSection
	GlobalSection(ProjectConfigurationPlatforms) = postSolution
		{D53516F6-A746-48D2-B765-1C7DF3E8405B}.Debug|Any CPU.ActiveCfg = Debug|Any CPU
		{D53516F6-A746-48D2-B765-1C7DF3E8405B}.Debug|Any CPU.Build.0 = Debug|Any CPU
		{D53516F6-A746-48D2-B765-1C7DF3E8405B}.Release|Any CPU.ActiveCfg = Release|Any CPU
		{D53516F6-A746-48D2-B765-1C7DF3E8405B}.Release|Any CPU.Build.0 = Release|Any CPU
	EndGlobalSection
	GlobalSection(SolutionProperties) = preSolution
		HideSolutionNode = FALSE
	EndGlobalSection
	GlobalSection(ExtensibilityGlobals) = postSolution
		SolutionGuid = {6950B954-4EA5-4B80-A965-58DF06516412}
	EndGlobalSection
EndGlobal
